
Microsoft Visual Studio Solution File, Format Version 12.00
# Visual Studio Version 16
VisualStudioVersion = 16.0.31624.102
MinimumVisualStudioVersion = 10.0.40219.1
Project("{FAE04EC0-301F-11D3-BF4B-00C04F79EFBC}") = "Alternativ5", "Alternativ5\Alternativ5.csproj", "{4297923A-E89B-472B-A11E-17A93B2C4DB7}"
EndProject
Global
	GlobalSection(SolutionConfigurationPlatforms) = preSolution
		Debug|Any CPU = Debug|Any CPU
		Release|Any CPU = Release|Any CPU
	EndGlobalSection
	GlobalSection(ProjectConfigurationPlatforms) = postSolution
		{4297923A-E89B-472B-A11E-17A93B2C4DB7}.Debug|Any CPU.ActiveCfg = Debug|Any CPU
		{4297923A-E89B-472B-A11E-17A93B2C4DB7}.Debug|Any CPU.Build.0 = Debug|Any CPU
		{4297923A-E89B-472B-A11E-17A93B2C4DB7}.Release|Any CPU.ActiveCfg = Release|Any CPU
		{4297923A-E89B-472B-A11E-17A93B2C4DB7}.Release|Any CPU.Build.0 = Release|Any CPU
	EndGlobalSection
	GlobalSection(SolutionProperties) = preSolution
		HideSolutionNode = FALSE
	EndGlobalSection
	GlobalSection(ExtensibilityGlobals) = postSolution
		SolutionGuid = {E52F78F1-50C9-4125-910C-08B6291EF27A}
	EndGlobalSection
EndGlobal
